
Microsoft Visual Studio Solution File, Format Version 12.00
# Visual Studio Version 17
VisualStudioVersion = 17.5.002.0
MinimumVisualStudioVersion = 10.0.40219.1
Project("{9A19103F-16F7-4668-BE54-9A1E7A4F7556}") = "mis321-ttv-web-app", "mis321-ttv-web-app.csproj", "{6A6BDFC9-1241-4F32-96B3-0C725BDACB1A}"
EndProject
Global
	GlobalSection(SolutionConfigurationPlatforms) = preSolution
		Debug|Any CPU = Debug|Any CPU
		Release|Any CPU = Release|Any CPU
	EndGlobalSection
	GlobalSection(ProjectConfigurationPlatforms) = postSolution
		{6A6BDFC9-1241-4F32-96B3-0C725BDACB1A}.Debug|Any CPU.ActiveCfg = Debug|Any CPU
		{6A6BDFC9-1241-4F32-96B3-0C725BDACB1A}.Debug|Any CPU.Build.0 = Debug|Any CPU
		{6A6BDFC9-1241-4F32-96B3-0C725BDACB1A}.Release|Any CPU.ActiveCfg = Release|Any CPU
		{6A6BDFC9-1241-4F32-96B3-0C725BDACB1A}.Release|Any CPU.Build.0 = Release|Any CPU
	EndGlobalSection
	GlobalSection(SolutionProperties) = preSolution
		HideSolutionNode = FALSE
	EndGlobalSection
	GlobalSection(ExtensibilityGlobals) = postSolution
		SolutionGuid = {812BE2FC-73A1-4FA1-8578-FD2690D8F1D1}
	EndGlobalSection
EndGlobal
